<?xml version="1.0" encoding="utf-8"?>
<Project ToolsVersion="4.0" xmlns="http://schemas.microsoft.com/developer/msbuild/2003">
  <ItemGroup>
    <Filter Include="Source Files">
      <UniqueIdentifier>{4FC737F1-C7A5-4376-A066-2A32D752A2FF}</UniqueIdentifier>
      <Extensions>cpp;c;cc;cxx;def;odl;idl;hpj;bat;asm;asmx</Extensions>
    </Filter>
    <Filter Include="Header Files">
      <UniqueIdentifier>{93995380-89BD-4b04-88EB-625FBE52EBFB}</UniqueIdentifier>
      <Extensions>h;hh;hpp;hxx;hm;inl;inc;xsd</Extensions>
    </Filter>
    <Filter Include="Resource Files">
      <UniqueIdentifier>{67DA6AB6-F800-4c08-8B7A-83BB121AAD01}</UniqueIdentifier>
      <Extensions>rc;ico;cur;bmp;dlg;rc2;rct;bin;rgs;gif;jpg;jpeg;jpe;resx;tiff;tif;png;wav</Extensions>
    </Filter>
  </ItemGroup>
  <ItemGroup>
    <ClCompile Include="main.cpp">
      <Filter>Source Files</Filter>
    </ClCompile>
    <ClCompile Include="win32_crt_math.cpp">
      <Filter>Source Files</Filter>
    </ClCompile>
    <ClCompile Include="win32_crt_memory.cpp">
      <Filter>Source Files</Filter>
    </ClCompile>
    <ClCompile Include="tiny\c25519.c">
      <Filter>Source Files</Filter>
    </ClCompile>
    <ClCompile Include="tiny\ed25519.c">
      <Filter>Source Files</Filter>
    </ClCompile>
    <ClCompile Include="tiny\edsign.c">
      <Filter>Source Files</Filter>
    </ClCompile>
    <ClCompile Include="tiny\f25519.c">
      <Filter>Source Files</Filter>
    </ClCompile>
    <ClCompile Include="tiny\fprime.c">
      <Filter>Source Files</Filter>
    </ClCompile>
    <ClCompile Include="tiny\morph25519.c">
      <Filter>Source Files</Filter>
    </ClCompile>
    <ClCompile Include="tiny\sha512.c">
      <Filter>Source Files</Filter>
    </ClCompile>
  </ItemGroup>
  <ItemGroup>
    <ClInclude Include="curve25519-donna-32bit.h">
      <Filter>Header Files</Filter>
    </ClInclude>
    <ClInclude Include="curve25519-donna-64bit.h">
      <Filter>Header Files</Filter>
    </ClInclude>
    <ClInclude Include="curve25519-donna-helpers.h">
      <Filter>Header Files</Filter>
    </ClInclude>
    <ClInclude Include="curve25519-donna-sse2.h">
      <Filter>Header Files</Filter>
    </ClInclude>
    <ClInclude Include="ed25519-donna-32bit-tables.h">
      <Filter>Header Files</Filter>
    </ClInclude>
    <ClInclude Include="ed25519-donna-64bit-tables.h">
      <Filter>Header Files</Filter>
    </ClInclude>
    <ClInclude Include="ed25519-donna-batchverify.h">
      <Filter>Header Files</Filter>
    </ClInclude>
    <ClInclude Include="ed25519-donna-impl-base.h">
      <Filter>Header Files</Filter>
    </ClInclude>
    <ClInclude Include="ed25519-donna-impl-sse2.h">
      <Filter>Header Files</Filter>
    </ClInclude>
    <ClInclude Include="ed25519-donna-portable-identify.h">
      <Filter>Header Files</Filter>
    </ClInclude>
    <ClInclude Include="ed25519-donna-portable.h">
      <Filter>Header Files</Filter>
    </ClInclude>
    <ClInclude Include="ed25519-donna.h">
      <Filter>Header Files</Filter>
    </ClInclude>
    <ClInclude Include="ed25519-hash-custom.h">
      <Filter>Header Files</Filter>
    </ClInclude>
    <ClInclude Include="ed25519-hash.h">
      <Filter>Header Files</Filter>
    </ClInclude>
    <ClInclude Include="ed25519-randombytes.h">
      <Filter>Header Files</Filter>
    </ClInclude>
    <ClInclude Include="ed25519.h">
      <Filter>Header Files</Filter>
    </ClInclude>
    <ClInclude Include="modm-donna-32bit.h">
      <Filter>Header Files</Filter>
    </ClInclude>
    <ClInclude Include="modm-donna-64bit.h">
      <Filter>Header Files</Filter>
    </ClInclude>
    <ClInclude Include="tiny\c25519.h">
      <Filter>Source Files</Filter>
    </ClInclude>
    <ClInclude Include="tiny\ed25519.h">
      <Filter>Source Files</Filter>
    </ClInclude>
    <ClInclude Include="tiny\edsign.h">
      <Filter>Source Files</Filter>
    </ClInclude>
    <ClInclude Include="tiny\f25519.h">
      <Filter>Source Files</Filter>
    </ClInclude>
    <ClInclude Include="tiny\fprime.h">
      <Filter>Source Files</Filter>
    </ClInclude>
    <ClInclude Include="tiny\morph25519.h">
      <Filter>Source Files</Filter>
    </ClInclude>
    <ClInclude Include="tiny\sha512.h">
      <Filter>Source Files</Filter>
    </ClInclude>
  </ItemGroup>
  <ItemGroup>
    <Object Include="chkstk.obj" />
  </ItemGroup>
  <ItemGroup>
    <Library Include="nsis\pluginapi-x86-unicode.lib" />
  </ItemGroup>
</Project>